
Microsoft Visual Studio Solution File, Format Version 12.00
# Visual Studio Version 16
VisualStudioVersion = 25.0.1704.0
MinimumVisualStudioVersion = 10.0.40219.1
Project("{FAE04EC0-301F-11D3-BF4B-00C04F79EFBC}") = "RazorPizzeria", "RazorPizzeria\RazorPizzeria.csproj", "{7B149492-08F9-45CB-ADE8-A64DB79D5899}"
EndProject
Global
	GlobalSection(SolutionConfigurationPlatforms) = preSolution
		Debug|Any CPU = Debug|Any CPU
		Release|Any CPU = Release|Any CPU
	EndGlobalSection
	GlobalSection(ProjectConfigurationPlatforms) = postSolution
		{7B149492-08F9-45CB-ADE8-A64DB79D5899}.Debug|Any CPU.ActiveCfg = Debug|Any CPU
		{7B149492-08F9-45CB-ADE8-A64DB79D5899}.Debug|Any CPU.Build.0 = Debug|Any CPU
		{7B149492-08F9-45CB-ADE8-A64DB79D5899}.Release|Any CPU.ActiveCfg = Release|Any CPU
		{7B149492-08F9-45CB-ADE8-A64DB79D5899}.Release|Any CPU.Build.0 = Release|Any CPU
	EndGlobalSection
	GlobalSection(SolutionProperties) = preSolution
		HideSolutionNode = FALSE
	EndGlobalSection
	GlobalSection(ExtensibilityGlobals) = postSolution
		SolutionGuid = {24B95023-99FD-43B7-9DC7-317C90BFB26F}
	EndGlobalSection
EndGlobal
